<?xml version="1.0" encoding="utf-8"?>
<Project ToolsVersion="4.0" xmlns="http://schemas.microsoft.com/developer/msbuild/2003">
  <ItemGroup>
    <ClInclude Include="ContentsEnum.h" />
    <ClInclude Include="PrecompileHeader.h" />
    <ClInclude Include="ContentsCore.h">
      <Filter>00.Core</Filter>
    </ClInclude>
    <ClInclude Include="BaseLevel.h">
      <Filter>01.Level\00.Base</Filter>
    </ClInclude>
    <ClInclude Include="BaseActor.h">
      <Filter>02.Actor\00.Base</Filter>
    </ClInclude>
    <ClInclude Include="TitleLevel.h">
      <Filter>01.Level\01.Title</Filter>
    </ClInclude>
    <ClInclude Include="Map.h">
      <Filter>02.Actor\04.Map</Filter>
    </ClInclude>
    <ClInclude Include="Cursor.h">
      <Filter>02.Actor\06.Cursor</Filter>
    </ClInclude>
    <ClInclude Include="TitleManager.h">
      <Filter>03.Manager</Filter>
    </ClInclude>
    <ClInclude Include="StageEditer.h">
      <Filter>04.Editer</Filter>
    </ClInclude>
    <ClInclude Include="TitleEditer.h">
      <Filter>04.Editer</Filter>
    </ClInclude>
    <ClInclude Include="RecordingManager.h">
      <Filter>03.Manager</Filter>
    </ClInclude>
    <ClInclude Include="Battery.h">
      <Filter>02.Actor\05.UI\00.Battery</Filter>
    </ClInclude>
    <ClInclude Include="Timer.h">
      <Filter>02.Actor\05.UI\01.Timer</Filter>
    </ClInclude>
    <ClInclude Include="Inven.h">
      <Filter>02.Actor\05.UI\02.Inven</Filter>
    </ClInclude>
    <ClInclude Include="Hud.h">
      <Filter>02.Actor\05.UI\03.Hud</Filter>
    </ClInclude>
    <ClInclude Include="ClubLevel_00.h">
      <Filter>01.Level\02.Club\00.Basic</Filter>
    </ClInclude>
    <ClInclude Include="ClubLevel_Boss.h">
      <Filter>01.Level\02.Club\01.Boss</Filter>
    </ClInclude>
    <ClInclude Include="TitleBackGround.h">
      <Filter>02.Actor\07.BackGround</Filter>
    </ClInclude>
    <ClInclude Include="PixelCollider.h">
      <Filter>05.PixelCollider\00.Collider</Filter>
    </ClInclude>
    <ClInclude Include="ClubDoor.h">
      <Filter>02.Actor\09.Door</Filter>
    </ClInclude>
    <ClInclude Include="ClubLevel_01.h">
      <Filter>01.Level\02.Club\00.Basic</Filter>
    </ClInclude>
    <ClInclude Include="ClubLevel_02.h">
      <Filter>01.Level\02.Club\00.Basic</Filter>
    </ClInclude>
    <ClInclude Include="ClubLevel_03.h">
      <Filter>01.Level\02.Club\00.Basic</Filter>
    </ClInclude>
    <ClInclude Include="ClubLevel_04.h">
      <Filter>01.Level\02.Club\00.Basic</Filter>
    </ClInclude>
    <ClInclude Include="MySpriteRenderer.h">
      <Filter>06.Shader</Filter>
    </ClInclude>
    <ClInclude Include="Boss_HeadHunter.h">
      <Filter>02.Actor\03.Boss\00.HeadHunter</Filter>
    </ClInclude>
    <ClInclude Include="PlaySupporter.h">
      <Filter>02.Actor\01.Player\Supporter</Filter>
    </ClInclude>
    <ClInclude Include="CameraSetter.h">
      <Filter>02.Actor\01.Player\Supporter</Filter>
    </ClInclude>
    <ClInclude Include="Player.h">
      <Filter>02.Actor\01.Player</Filter>
    </ClInclude>
    <ClInclude Include="Monster_Grunt.h">
      <Filter>02.Actor\02.Monster\Grunt</Filter>
    </ClInclude>
    <ClInclude Include="Monster_Gangster.h">
      <Filter>02.Actor\02.Monster\Gangster</Filter>
    </ClInclude>
    <ClInclude Include="Monster_Pomp.h">
      <Filter>02.Actor\02.Monster\Pomp</Filter>
    </ClInclude>
    <ClInclude Include="Monster_Shotgun.h">
      <Filter>02.Actor\02.Monster\Shotgun</Filter>
    </ClInclude>
    <ClInclude Include="GruntEffect.h">
      <Filter>02.Actor\02.Monster\Grunt</Filter>
    </ClInclude>
    <ClInclude Include="IronDoor.h">
      <Filter>02.Actor\09.Door</Filter>
    </ClInclude>
    <ClInclude Include="ColEventObj.h">
      <Filter>02.Actor\10.Event</Filter>
    </ClInclude>
    <ClInclude Include="YouCanDoThis.h">
      <Filter>02.Actor\05.UI\04.Clear</Filter>
    </ClInclude>
    <ClInclude Include="Go_UI.h">
      <Filter>02.Actor\05.UI\05.Go</Filter>
    </ClInclude>
    <ClInclude Include="Platform.h">
      <Filter>02.Actor\11.Platform</Filter>
    </ClInclude>
    <ClInclude Include="DoorEffect.h">
      <Filter>02.Actor\09.Door\Effect</Filter>
    </ClInclude>
    <ClInclude Include="DashEffect.h">
      <Filter>02.Actor\01.Player\Effect</Filter>
    </ClInclude>
    <ClInclude Include="JumpEffect.h">
      <Filter>02.Actor\01.Player\Effect</Filter>
    </ClInclude>
    <ClInclude Include="LandEffect.h">
      <Filter>02.Actor\01.Player\Effect</Filter>
    </ClInclude>
    <ClInclude Include="RollEffect.h">
      <Filter>02.Actor\01.Player\Effect</Filter>
    </ClInclude>
    <ClInclude Include="FadeEffect.h">
      <Filter>02.Actor\08.CameraEffect\FadeInOut</Filter>
    </ClInclude>
    <ClInclude Include="SlashEffect.h">
      <Filter>02.Actor\01.Player\Effect\Slash</Filter>
    </ClInclude>
    <ClInclude Include="SlashHit_Effect.h">
      <Filter>02.Actor\01.Player\Effect\Slash</Filter>
    </ClInclude>
    <ClInclude Include="SlashLaser_Effect.h">
      <Filter>02.Actor\01.Player\Effect\Slash</Filter>
    </ClInclude>
    <ClInclude Include="Laser.h">
      <Filter>02.Actor\12.Laser</Filter>
    </ClInclude>
    <ClInclude Include="FanBlade.h">
      <Filter>02.Actor\13.FanBlade</Filter>
    </ClInclude>
    <ClInclude Include="LaserSwitch.h">
      <Filter>02.Actor\12.Laser\Switch</Filter>
    </ClInclude>
    <ClInclude Include="Partition.h">
      <Filter>02.Actor\14.Partition</Filter>
    </ClInclude>
    <ClInclude Include="EnemyFollow_Effect.h">
      <Filter>02.Actor\02.Monster\FollowEffect</Filter>
    </ClInclude>
    <ClInclude Include="FireEffect.h">
      <Filter>02.Actor\02.Monster\Gangster\FireEffect</Filter>
    </ClInclude>
    <ClInclude Include="Bullet.h">
      <Filter>02.Actor\15.Bullet</Filter>
    </ClInclude>
    <ClInclude Include="ReflectEffect.h">
      <Filter>02.Actor\15.Bullet\Effect</Filter>
    </ClInclude>
    <ClInclude Include="HitEffect.h">
      <Filter>02.Actor\16.Effect\HitEffect</Filter>
    </ClInclude>
  </ItemGroup>
  <ItemGroup>
    <ClCompile Include="PrecompileHeader.cpp" />
    <ClCompile Include="ContentsCore.cpp">
      <Filter>00.Core</Filter>
    </ClCompile>
    <ClCompile Include="BaseLevel.cpp">
      <Filter>01.Level\00.Base</Filter>
    </ClCompile>
    <ClCompile Include="BaseActor.cpp">
      <Filter>02.Actor\00.Base</Filter>
    </ClCompile>
    <ClCompile Include="Player.cpp">
      <Filter>02.Actor\01.Player</Filter>
    </ClCompile>
    <ClCompile Include="TitleLevel.cpp">
      <Filter>01.Level\01.Title</Filter>
    </ClCompile>
    <ClCompile Include="Map.cpp">
      <Filter>02.Actor\04.Map</Filter>
    </ClCompile>
    <ClCompile Include="Cursor.cpp">
      <Filter>02.Actor\06.Cursor</Filter>
    </ClCompile>
    <ClCompile Include="TitleManager.cpp">
      <Filter>03.Manager</Filter>
    </ClCompile>
    <ClCompile Include="StageEditer.cpp">
      <Filter>04.Editer</Filter>
    </ClCompile>
    <ClCompile Include="TitleEditer.cpp">
      <Filter>04.Editer</Filter>
    </ClCompile>
    <ClCompile Include="RecordingManager.cpp">
      <Filter>03.Manager</Filter>
    </ClCompile>
    <ClCompile Include="Battery.cpp">
      <Filter>02.Actor\05.UI\00.Battery</Filter>
    </ClCompile>
    <ClCompile Include="Timer.cpp">
      <Filter>02.Actor\05.UI\01.Timer</Filter>
    </ClCompile>
    <ClCompile Include="Inven.cpp">
      <Filter>02.Actor\05.UI\02.Inven</Filter>
    </ClCompile>
    <ClCompile Include="Hud.cpp">
      <Filter>02.Actor\05.UI\03.Hud</Filter>
    </ClCompile>
    <ClCompile Include="ClubLevel_00.cpp">
      <Filter>01.Level\02.Club\00.Basic</Filter>
    </ClCompile>
    <ClCompile Include="ClubLevel_Boss.cpp">
      <Filter>01.Level\02.Club\01.Boss</Filter>
    </ClCompile>
    <ClCompile Include="TitleBackGround.cpp">
      <Filter>02.Actor\07.BackGround</Filter>
    </ClCompile>
    <ClCompile Include="PixelCollider.cpp">
      <Filter>05.PixelCollider\00.Collider</Filter>
    </ClCompile>
    <ClCompile Include="ClubDoor.cpp">
      <Filter>02.Actor\09.Door</Filter>
    </ClCompile>
    <ClCompile Include="ClubLevel_01.cpp">
      <Filter>01.Level\02.Club\00.Basic</Filter>
    </ClCompile>
    <ClCompile Include="ClubLevel_02.cpp">
      <Filter>01.Level\02.Club\00.Basic</Filter>
    </ClCompile>
    <ClCompile Include="ClubLevel_03.cpp">
      <Filter>01.Level\02.Club\00.Basic</Filter>
    </ClCompile>
    <ClCompile Include="ClubLevel_04.cpp">
      <Filter>01.Level\02.Club\00.Basic</Filter>
    </ClCompile>
    <ClCompile Include="MySpriteRenderer.cpp">
      <Filter>06.Shader</Filter>
    </ClCompile>
    <ClCompile Include="Boss_HeadHunter.cpp">
      <Filter>02.Actor\03.Boss\00.HeadHunter</Filter>
    </ClCompile>
    <ClCompile Include="PlaySupporter.cpp">
      <Filter>02.Actor\01.Player\Supporter</Filter>
    </ClCompile>
    <ClCompile Include="CameraSetter.cpp">
      <Filter>02.Actor\01.Player\Supporter</Filter>
    </ClCompile>
    <ClCompile Include="Monster_Grunt.cpp">
      <Filter>02.Actor\02.Monster\Grunt</Filter>
    </ClCompile>
    <ClCompile Include="Monster_Gangster.cpp">
      <Filter>02.Actor\02.Monster\Gangster</Filter>
    </ClCompile>
    <ClCompile Include="Monster_Pomp.cpp">
      <Filter>02.Actor\02.Monster\Pomp</Filter>
    </ClCompile>
    <ClCompile Include="Monster_Shotgun.cpp">
      <Filter>02.Actor\02.Monster\Shotgun</Filter>
    </ClCompile>
    <ClCompile Include="GruntEffect.cpp">
      <Filter>02.Actor\02.Monster\Grunt</Filter>
    </ClCompile>
    <ClCompile Include="IronDoor.cpp">
      <Filter>02.Actor\09.Door</Filter>
    </ClCompile>
    <ClCompile Include="ColEventObj.cpp">
      <Filter>02.Actor\10.Event</Filter>
    </ClCompile>
    <ClCompile Include="YouCanDoThis.cpp">
      <Filter>02.Actor\05.UI\04.Clear</Filter>
    </ClCompile>
    <ClCompile Include="Go_UI.cpp">
      <Filter>02.Actor\05.UI\05.Go</Filter>
    </ClCompile>
    <ClCompile Include="Platform.cpp">
      <Filter>02.Actor\11.Platform</Filter>
    </ClCompile>
    <ClCompile Include="DoorEffect.cpp">
      <Filter>02.Actor\09.Door\Effect</Filter>
    </ClCompile>
    <ClCompile Include="DashEffect.cpp">
      <Filter>02.Actor\01.Player\Effect</Filter>
    </ClCompile>
    <ClCompile Include="JumpEffect.cpp">
      <Filter>02.Actor\01.Player\Effect</Filter>
    </ClCompile>
    <ClCompile Include="LandEffect.cpp">
      <Filter>02.Actor\01.Player\Effect</Filter>
    </ClCompile>
    <ClCompile Include="RollEffect.cpp">
      <Filter>02.Actor\01.Player\Effect</Filter>
    </ClCompile>
    <ClCompile Include="FadeEffect.cpp">
      <Filter>02.Actor\08.CameraEffect\FadeInOut</Filter>
    </ClCompile>
    <ClCompile Include="SlashEffect.cpp">
      <Filter>02.Actor\01.Player\Effect\Slash</Filter>
    </ClCompile>
    <ClCompile Include="SlashHit_Effect.cpp">
      <Filter>02.Actor\01.Player\Effect\Slash</Filter>
    </ClCompile>
    <ClCompile Include="SlashLaser_Effect.cpp">
      <Filter>02.Actor\01.Player\Effect\Slash</Filter>
    </ClCompile>
    <ClCompile Include="Laser.cpp">
      <Filter>02.Actor\12.Laser</Filter>
    </ClCompile>
    <ClCompile Include="FanBlade.cpp">
      <Filter>02.Actor\13.FanBlade</Filter>
    </ClCompile>
    <ClCompile Include="LaserSwitch.cpp">
      <Filter>02.Actor\12.Laser\Switch</Filter>
    </ClCompile>
    <ClCompile Include="Partition.cpp">
      <Filter>02.Actor\14.Partition</Filter>
    </ClCompile>
    <ClCompile Include="EnemyFollow_Effect.cpp">
      <Filter>02.Actor\02.Monster\FollowEffect</Filter>
    </ClCompile>
    <ClCompile Include="FireEffect.cpp">
      <Filter>02.Actor\02.Monster\Gangster\FireEffect</Filter>
    </ClCompile>
    <ClCompile Include="Bullet.cpp">
      <Filter>02.Actor\15.Bullet</Filter>
    </ClCompile>
    <ClCompile Include="ReflectEffect.cpp">
      <Filter>02.Actor\15.Bullet\Effect</Filter>
    </ClCompile>
    <ClCompile Include="HitEffect.cpp">
      <Filter>02.Actor\16.Effect\HitEffect</Filter>
    </ClCompile>
  </ItemGroup>
  <ItemGroup>
    <Filter Include="00.Core">
      <UniqueIdentifier>{30b0f37c-2932-4677-9cb5-9a2f35d82fac}</UniqueIdentifier>
    </Filter>
    <Filter Include="01.Level">
      <UniqueIdentifier>{2fa20e9a-b17a-441b-9639-cd6a2ac4484e}</UniqueIdentifier>
    </Filter>
    <Filter Include="01.Level\00.Base">
      <UniqueIdentifier>{76b273dc-da6e-4533-8c0e-3372084ceb38}</UniqueIdentifier>
    </Filter>
    <Filter Include="02.Actor">
      <UniqueIdentifier>{3afb66bf-912c-455e-a932-07495fb22594}</UniqueIdentifier>
    </Filter>
    <Filter Include="02.Actor\00.Base">
      <UniqueIdentifier>{45b357cb-675f-4dcd-940c-8b12d2e2df3c}</UniqueIdentifier>
    </Filter>
    <Filter Include="02.Actor\01.Player">
      <UniqueIdentifier>{7cff0e03-af09-4b1d-ae01-c90333e5dd2f}</UniqueIdentifier>
    </Filter>
    <Filter Include="01.Level\01.Title">
      <UniqueIdentifier>{dc19fd41-b740-4606-8178-0508f7451d40}</UniqueIdentifier>
    </Filter>
    <Filter Include="01.Level\02.Club">
      <UniqueIdentifier>{72b4ffd0-f2bb-40f4-bc24-2813356317a1}</UniqueIdentifier>
    </Filter>
    <Filter Include="02.Actor\02.Monster">
      <UniqueIdentifier>{b700c74d-96c6-48f8-abba-1056a9a02ebc}</UniqueIdentifier>
    </Filter>
    <Filter Include="02.Actor\03.Boss">
      <UniqueIdentifier>{1c31f202-0bfd-4755-9603-42145bc47a09}</UniqueIdentifier>
    </Filter>
    <Filter Include="02.Actor\04.Map">
      <UniqueIdentifier>{c2d4b908-1ee2-4927-aa0a-187a37110c16}</UniqueIdentifier>
    </Filter>
    <Filter Include="02.Actor\05.UI">
      <UniqueIdentifier>{8335167f-cff8-4d80-9ece-f46f79ba7e3c}</UniqueIdentifier>
    </Filter>
    <Filter Include="02.Actor\06.Cursor">
      <UniqueIdentifier>{d7d4d786-2bfc-4e5b-af60-2a920f9df4ee}</UniqueIdentifier>
    </Filter>
    <Filter Include="03.Manager">
      <UniqueIdentifier>{aa07edcc-a9f9-43a0-abf7-d2daae654b9f}</UniqueIdentifier>
    </Filter>
    <Filter Include="04.Editer">
      <UniqueIdentifier>{99fb7e21-f887-46ab-a9a4-7d10ae4eff7c}</UniqueIdentifier>
    </Filter>
    <Filter Include="02.Actor\05.UI\00.Battery">
      <UniqueIdentifier>{01d3b50c-b0e8-4b4d-8d93-408c26402ca3}</UniqueIdentifier>
    </Filter>
    <Filter Include="02.Actor\05.UI\01.Timer">
      <UniqueIdentifier>{26ae92e9-cf5a-4b4b-82e8-0675948ee33d}</UniqueIdentifier>
    </Filter>
    <Filter Include="02.Actor\05.UI\02.Inven">
      <UniqueIdentifier>{925bd433-4534-41e3-b60e-3fe62f412fe9}</UniqueIdentifier>
    </Filter>
    <Filter Include="02.Actor\05.UI\03.Hud">
      <UniqueIdentifier>{437c6375-5adc-4d66-b1b0-b18238e2f9fc}</UniqueIdentifier>
    </Filter>
    <Filter Include="01.Level\02.Club\00.Basic">
      <UniqueIdentifier>{b95c2bee-e57f-4b97-bbd0-6a2dc7410818}</UniqueIdentifier>
    </Filter>
    <Filter Include="01.Level\02.Club\01.Boss">
      <UniqueIdentifier>{bf99a7d4-9b34-4a62-95e3-aed7501a9c7b}</UniqueIdentifier>
    </Filter>
    <Filter Include="02.Actor\07.BackGround">
      <UniqueIdentifier>{8ebb710d-9c39-493b-9569-e3a9887b4aaf}</UniqueIdentifier>
    </Filter>
    <Filter Include="02.Actor\09.Door">
      <UniqueIdentifier>{69f8e230-090e-4f3b-bd1f-2e671831beac}</UniqueIdentifier>
    </Filter>
    <Filter Include="05.PixelCollider">
      <UniqueIdentifier>{443eb99a-6799-4086-8213-29e729c950af}</UniqueIdentifier>
    </Filter>
    <Filter Include="05.PixelCollider\00.Collider">
      <UniqueIdentifier>{dd1b81cb-3ab8-44ee-a3a0-5b377153d422}</UniqueIdentifier>
    </Filter>
    <Filter Include="06.Shader">
      <UniqueIdentifier>{d8a620c5-e0c4-42d4-bb2b-fcfdf3f2c9c8}</UniqueIdentifier>
    </Filter>
    <Filter Include="02.Actor\03.Boss\00.HeadHunter">
      <UniqueIdentifier>{8539d0e0-241c-4851-9ce4-e686a86f3c43}</UniqueIdentifier>
    </Filter>
    <Filter Include="02.Actor\01.Player\Supporter">
      <UniqueIdentifier>{e68ca898-7f6c-420a-9c55-7f3860d3e9f7}</UniqueIdentifier>
    </Filter>
    <Filter Include="02.Actor\02.Monster\Grunt">
      <UniqueIdentifier>{415694d8-eda1-43bd-84c5-c018e88e5a26}</UniqueIdentifier>
    </Filter>
    <Filter Include="02.Actor\02.Monster\Gangster">
      <UniqueIdentifier>{47b91f92-f164-4732-9cae-e7e4053eca23}</UniqueIdentifier>
    </Filter>
    <Filter Include="02.Actor\02.Monster\Pomp">
      <UniqueIdentifier>{a7413bae-658c-48d6-b0cb-322e70b75a8e}</UniqueIdentifier>
    </Filter>
    <Filter Include="02.Actor\02.Monster\Shotgun">
      <UniqueIdentifier>{f61bbd66-af73-47b5-a5c5-e3d29917f0ad}</UniqueIdentifier>
    </Filter>
    <Filter Include="02.Actor\10.Event">
      <UniqueIdentifier>{f4404e77-95b5-42ec-b80b-ce7fc5471208}</UniqueIdentifier>
    </Filter>
    <Filter Include="02.Actor\05.UI\04.Clear">
      <UniqueIdentifier>{3e0f00c6-3893-4e6b-b34c-891154c49dfd}</UniqueIdentifier>
    </Filter>
    <Filter Include="02.Actor\05.UI\05.Go">
      <UniqueIdentifier>{da7f92de-0853-4e75-aaf8-3a317ab19013}</UniqueIdentifier>
    </Filter>
    <Filter Include="02.Actor\11.Platform">
      <UniqueIdentifier>{178071cb-511a-492f-b5db-e7be40b89014}</UniqueIdentifier>
    </Filter>
    <Filter Include="02.Actor\09.Door\Effect">
      <UniqueIdentifier>{933c94ad-9bc1-491b-ab1d-433789db421e}</UniqueIdentifier>
    </Filter>
    <Filter Include="02.Actor\01.Player\Effect">
      <UniqueIdentifier>{da5ee946-29e1-4ef2-8c7e-3c53e3fcf7c7}</UniqueIdentifier>
    </Filter>
    <Filter Include="02.Actor\08.CameraEffect">
      <UniqueIdentifier>{777e7068-da3d-43fa-8c35-0b9e0d0120ba}</UniqueIdentifier>
    </Filter>
    <Filter Include="02.Actor\08.CameraEffect\FadeInOut">
      <UniqueIdentifier>{ab016246-b013-4210-8fc3-43825fdca11e}</UniqueIdentifier>
    </Filter>
    <Filter Include="02.Actor\01.Player\Effect\Slash">
      <UniqueIdentifier>{15a03c91-0d8f-4433-b5ef-219858a0604b}</UniqueIdentifier>
    </Filter>
    <Filter Include="02.Actor\12.Laser">
      <UniqueIdentifier>{f11857e8-2548-4eff-a7d0-3a7d8eb343ff}</UniqueIdentifier>
    </Filter>
    <Filter Include="02.Actor\13.FanBlade">
      <UniqueIdentifier>{133a99b0-356d-4853-9a67-a7da293f8c74}</UniqueIdentifier>
    </Filter>
    <Filter Include="02.Actor\12.Laser\Switch">
      <UniqueIdentifier>{8cd8fdef-bda5-4454-ba60-d70806bc6df1}</UniqueIdentifier>
    </Filter>
    <Filter Include="02.Actor\14.Partition">
      <UniqueIdentifier>{372e5317-8d78-4e2b-a9a7-66be954616b1}</UniqueIdentifier>
    </Filter>
    <Filter Include="02.Actor\02.Monster\FollowEffect">
      <UniqueIdentifier>{c3990f61-841f-4c15-afb3-51f4af49724d}</UniqueIdentifier>
    </Filter>
    <Filter Include="02.Actor\02.Monster\Gangster\FireEffect">
      <UniqueIdentifier>{96855f22-f696-46a5-b93f-be7d881eafe0}</UniqueIdentifier>
    </Filter>
    <Filter Include="02.Actor\15.Bullet">
      <UniqueIdentifier>{541300b2-e9bd-4ea6-860b-488b9ec3acd5}</UniqueIdentifier>
    </Filter>
    <Filter Include="02.Actor\15.Bullet\Effect">
      <UniqueIdentifier>{e8264c31-20b7-43e0-8eb8-407145f968e3}</UniqueIdentifier>
    </Filter>
    <Filter Include="02.Actor\16.Effect">
      <UniqueIdentifier>{64be276d-c096-4208-a79c-c3492196aa5c}</UniqueIdentifier>
    </Filter>
    <Filter Include="02.Actor\16.Effect\HitEffect">
      <UniqueIdentifier>{7284c6d5-dbfa-46c4-8db0-d9294fa4de24}</UniqueIdentifier>
    </Filter>
  </ItemGroup>
</Project>