<?xml version="1.0" encoding="utf-8"?>
<Project ToolsVersion="4.0" xmlns="http://schemas.microsoft.com/developer/msbuild/2003">
  <ItemGroup>
    <ClInclude Include="CTitleLevel.h">
      <Filter>Level</Filter>
    </ClInclude>
    <ClInclude Include="CPlayer.h">
      <Filter>Player</Filter>
    </ClInclude>
    <ClInclude Include="CStageLevel_01.h">
      <Filter>Level</Filter>
    </ClInclude>
    <ClInclude Include="CTestLevel.h">
      <Filter>Level</Filter>
    </ClInclude>
    <ClInclude Include="ContentsEnum.h" />
    <ClInclude Include="CStageLevel_02.h">
      <Filter>Level</Filter>
    </ClInclude>
    <ClInclude Include="CMonster_Gangster.h">
      <Filter>Monster</Filter>
    </ClInclude>
    <ClInclude Include="CMonster_Grunt.h">
      <Filter>Monster</Filter>
    </ClInclude>
    <ClInclude Include="CMonster_Shotgun.h">
      <Filter>Monster</Filter>
    </ClInclude>
    <ClInclude Include="CMonster_Pomp.h">
      <Filter>Monster</Filter>
    </ClInclude>
    <ClInclude Include="CKatanaZero_Level.h">
      <Filter>ContentsObject</Filter>
    </ClInclude>
    <ClInclude Include="CKatanaZero_Actor.h">
      <Filter>ContentsObject</Filter>
    </ClInclude>
    <ClInclude Include="CBoss_HeadHunter.h">
      <Filter>Boss</Filter>
    </ClInclude>
    <ClInclude Include="PrecompileHeader.h" />
    <ClInclude Include="CCursor.h">
      <Filter>Cursor</Filter>
    </ClInclude>
    <ClInclude Include="CTitleManager.h">
      <Filter>Manager</Filter>
    </ClInclude>
    <ClInclude Include="ContentsCore.h" />
    <ClInclude Include="CBackGround.h">
      <Filter>BackGround</Filter>
    </ClInclude>
    <ClInclude Include="CPlayManager.h">
      <Filter>Manager</Filter>
    </ClInclude>
    <ClInclude Include="CTutorialLevel.h">
      <Filter>Level</Filter>
    </ClInclude>
    <ClInclude Include="CRecordingManager.h">
      <Filter>Manager</Filter>
    </ClInclude>
    <ClInclude Include="CBattery.h">
      <Filter>Player\Battery</Filter>
    </ClInclude>
    <ClInclude Include="CTimer.h">
      <Filter>Player\Timer</Filter>
    </ClInclude>
    <ClInclude Include="CInven.h">
      <Filter>Player\Inven</Filter>
    </ClInclude>
  </ItemGroup>
  <ItemGroup>
    <ClCompile Include="CTitleLevel.cpp">
      <Filter>Level</Filter>
    </ClCompile>
    <ClCompile Include="CPlayer.cpp">
      <Filter>Player</Filter>
    </ClCompile>
    <ClCompile Include="CStageLevel_01.cpp">
      <Filter>Level</Filter>
    </ClCompile>
    <ClCompile Include="CTestLevel.cpp">
      <Filter>Level</Filter>
    </ClCompile>
    <ClCompile Include="CStageLevel_02.cpp">
      <Filter>Level</Filter>
    </ClCompile>
    <ClCompile Include="CMonster_Gangster.cpp">
      <Filter>Monster</Filter>
    </ClCompile>
    <ClCompile Include="CMonster_Grunt.cpp">
      <Filter>Monster</Filter>
    </ClCompile>
    <ClCompile Include="CMonster_Shotgun.cpp">
      <Filter>Monster</Filter>
    </ClCompile>
    <ClCompile Include="CMonster_Pomp.cpp">
      <Filter>Monster</Filter>
    </ClCompile>
    <ClCompile Include="CKatanaZero_Level.cpp">
      <Filter>ContentsObject</Filter>
    </ClCompile>
    <ClCompile Include="CKatanaZero_Actor.cpp">
      <Filter>ContentsObject</Filter>
    </ClCompile>
    <ClCompile Include="CBoss_HeadHunter.cpp">
      <Filter>Boss</Filter>
    </ClCompile>
    <ClCompile Include="PrecompileHeader.cpp" />
    <ClCompile Include="CCursor.cpp">
      <Filter>Cursor</Filter>
    </ClCompile>
    <ClCompile Include="CTitleManager.cpp">
      <Filter>Manager</Filter>
    </ClCompile>
    <ClCompile Include="ContentsCore.cpp" />
    <ClCompile Include="CBackGround.cpp">
      <Filter>BackGround</Filter>
    </ClCompile>
    <ClCompile Include="CPlayManager.cpp">
      <Filter>Manager</Filter>
    </ClCompile>
    <ClCompile Include="CTutorialLevel.cpp">
      <Filter>Level</Filter>
    </ClCompile>
    <ClCompile Include="CRecordingManager.cpp">
      <Filter>Manager</Filter>
    </ClCompile>
    <ClCompile Include="CBattery.cpp">
      <Filter>Player\Battery</Filter>
    </ClCompile>
    <ClCompile Include="CTimer.cpp">
      <Filter>Player\Timer</Filter>
    </ClCompile>
    <ClCompile Include="CInven.cpp">
      <Filter>Player\Inven</Filter>
    </ClCompile>
  </ItemGroup>
  <ItemGroup>
    <Filter Include="Level">
      <UniqueIdentifier>{3d17108a-64cc-412c-add8-c9f82f90c9e4}</UniqueIdentifier>
    </Filter>
    <Filter Include="Player">
      <UniqueIdentifier>{306c1f54-a982-4dfa-a8da-431a99449836}</UniqueIdentifier>
    </Filter>
    <Filter Include="Monster">
      <UniqueIdentifier>{62f7222f-158e-442e-9378-401a6fa7fc7c}</UniqueIdentifier>
    </Filter>
    <Filter Include="Boss">
      <UniqueIdentifier>{bf96df3a-a71e-41a6-b52a-ab466f310450}</UniqueIdentifier>
    </Filter>
    <Filter Include="ContentsObject">
      <UniqueIdentifier>{65356542-28c0-4efe-a90f-c9b4a4113903}</UniqueIdentifier>
    </Filter>
    <Filter Include="BackGround">
      <UniqueIdentifier>{f770b974-b08f-4364-a1b8-a6d93954a3e7}</UniqueIdentifier>
    </Filter>
    <Filter Include="Manager">
      <UniqueIdentifier>{bcc2db5d-7aac-468e-8fe0-d531276faea7}</UniqueIdentifier>
    </Filter>
    <Filter Include="Cursor">
      <UniqueIdentifier>{2cb0de99-639b-450c-ba8b-298cce7c3b9d}</UniqueIdentifier>
    </Filter>
    <Filter Include="Player\Battery">
      <UniqueIdentifier>{cc9b5102-7e4b-44f6-a7d1-48d8cd82eaef}</UniqueIdentifier>
    </Filter>
    <Filter Include="Player\Timer">
      <UniqueIdentifier>{24221fc8-cbe0-4fc6-b165-a03536705af4}</UniqueIdentifier>
    </Filter>
    <Filter Include="Player\Inven">
      <UniqueIdentifier>{67d86845-5aa2-43f7-9149-fdc3f202b562}</UniqueIdentifier>
    </Filter>
  </ItemGroup>
</Project>