
Microsoft Visual Studio Solution File, Format Version 12.00
# Visual Studio Version 17
VisualStudioVersion = 17.4.33205.214
MinimumVisualStudioVersion = 10.0.40219.1
Project("{8BC9CEB8-8B4A-11D0-8D11-00A0C91BC942}") = "GameEngineBase", "GameEngineBase\GameEngineBase.vcxproj", "{A6E9BFEE-96EC-4FC9-9219-12202F5126CC}"
EndProject
Project("{8BC9CEB8-8B4A-11D0-8D11-00A0C91BC942}") = "GameEnginePlatform", "GameEnginePlatform\GameEnginePlatform.vcxproj", "{012509BD-0610-46F2-BCEF-076C0828D24F}"
	ProjectSection(ProjectDependencies) = postProject
		{A6E9BFEE-96EC-4FC9-9219-12202F5126CC} = {A6E9BFEE-96EC-4FC9-9219-12202F5126CC}
	EndProjectSection
EndProject
Project("{2150E333-8FDC-42A3-9474-1A3956D46DE8}") = "App", "App", "{F83A0B12-E068-41D9-9820-E6EC0E9AB19F}"
EndProject
Project("{8BC9CEB8-8B4A-11D0-8D11-00A0C91BC942}") = "App", "App\App.vcxproj", "{A9F790C7-C388-4D34-B4FB-4E8C049982EC}"
	ProjectSection(ProjectDependencies) = postProject
		{012509BD-0610-46F2-BCEF-076C0828D24F} = {012509BD-0610-46F2-BCEF-076C0828D24F}
		{4FCB06A4-36BC-495F-8A16-1C25998007A2} = {4FCB06A4-36BC-495F-8A16-1C25998007A2}
		{A6E9BFEE-96EC-4FC9-9219-12202F5126CC} = {A6E9BFEE-96EC-4FC9-9219-12202F5126CC}
		{D79B8E17-A0E5-4EE8-91FC-1DAB54DA5625} = {D79B8E17-A0E5-4EE8-91FC-1DAB54DA5625}
	EndProjectSection
EndProject
Project("{8BC9CEB8-8B4A-11D0-8D11-00A0C91BC942}") = "GameEngineCore", "GameEngineCore\GameEngineCore.vcxproj", "{4FCB06A4-36BC-495F-8A16-1C25998007A2}"
	ProjectSection(ProjectDependencies) = postProject
		{012509BD-0610-46F2-BCEF-076C0828D24F} = {012509BD-0610-46F2-BCEF-076C0828D24F}
		{A6E9BFEE-96EC-4FC9-9219-12202F5126CC} = {A6E9BFEE-96EC-4FC9-9219-12202F5126CC}
	EndProjectSection
EndProject
Project("{8BC9CEB8-8B4A-11D0-8D11-00A0C91BC942}") = "GameEngineContents", "GameEngineContents\GameEngineContents.vcxproj", "{D79B8E17-A0E5-4EE8-91FC-1DAB54DA5625}"
	ProjectSection(ProjectDependencies) = postProject
		{012509BD-0610-46F2-BCEF-076C0828D24F} = {012509BD-0610-46F2-BCEF-076C0828D24F}
		{4FCB06A4-36BC-495F-8A16-1C25998007A2} = {4FCB06A4-36BC-495F-8A16-1C25998007A2}
		{A6E9BFEE-96EC-4FC9-9219-12202F5126CC} = {A6E9BFEE-96EC-4FC9-9219-12202F5126CC}
	EndProjectSection
EndProject
Project("{2150E333-8FDC-42A3-9474-1A3956D46DE8}") = "Contents", "Contents", "{27F3039A-FC52-44D1-9077-4EC74A354BB2}"
EndProject
Project("{2150E333-8FDC-42A3-9474-1A3956D46DE8}") = "Engine", "Engine", "{6495FFE7-04EF-4A53-BC5A-C0CE3A9BE4DD}"
EndProject
Project("{2150E333-8FDC-42A3-9474-1A3956D46DE8}") = "Level_0", "Level_0", "{6A5E73F4-2BAA-4D67-A17E-3C194FD31A41}"
EndProject
Project("{2150E333-8FDC-42A3-9474-1A3956D46DE8}") = "Level_1", "Level_1", "{E9207958-9A17-4CED-A400-BC388D7C4419}"
EndProject
Global
	GlobalSection(SolutionConfigurationPlatforms) = preSolution
		Debug|x64 = Debug|x64
		Debug|x86 = Debug|x86
		Release|x64 = Release|x64
		Release|x86 = Release|x86
	EndGlobalSection
	GlobalSection(ProjectConfigurationPlatforms) = postSolution
		{A6E9BFEE-96EC-4FC9-9219-12202F5126CC}.Debug|x64.ActiveCfg = Debug|x64
		{A6E9BFEE-96EC-4FC9-9219-12202F5126CC}.Debug|x64.Build.0 = Debug|x64
		{A6E9BFEE-96EC-4FC9-9219-12202F5126CC}.Debug|x86.ActiveCfg = Debug|Win32
		{A6E9BFEE-96EC-4FC9-9219-12202F5126CC}.Debug|x86.Build.0 = Debug|Win32
		{A6E9BFEE-96EC-4FC9-9219-12202F5126CC}.Release|x64.ActiveCfg = Release|x64
		{A6E9BFEE-96EC-4FC9-9219-12202F5126CC}.Release|x64.Build.0 = Release|x64
		{A6E9BFEE-96EC-4FC9-9219-12202F5126CC}.Release|x86.ActiveCfg = Release|Win32
		{A6E9BFEE-96EC-4FC9-9219-12202F5126CC}.Release|x86.Build.0 = Release|Win32
		{012509BD-0610-46F2-BCEF-076C0828D24F}.Debug|x64.ActiveCfg = Debug|x64
		{012509BD-0610-46F2-BCEF-076C0828D24F}.Debug|x64.Build.0 = Debug|x64
		{012509BD-0610-46F2-BCEF-076C0828D24F}.Debug|x86.ActiveCfg = Debug|Win32
		{012509BD-0610-46F2-BCEF-076C0828D24F}.Debug|x86.Build.0 = Debug|Win32
		{012509BD-0610-46F2-BCEF-076C0828D24F}.Release|x64.ActiveCfg = Release|x64
		{012509BD-0610-46F2-BCEF-076C0828D24F}.Release|x64.Build.0 = Release|x64
		{012509BD-0610-46F2-BCEF-076C0828D24F}.Release|x86.ActiveCfg = Release|Win32
		{012509BD-0610-46F2-BCEF-076C0828D24F}.Release|x86.Build.0 = Release|Win32
		{A9F790C7-C388-4D34-B4FB-4E8C049982EC}.Debug|x64.ActiveCfg = Debug|x64
		{A9F790C7-C388-4D34-B4FB-4E8C049982EC}.Debug|x64.Build.0 = Debug|x64
		{A9F790C7-C388-4D34-B4FB-4E8C049982EC}.Debug|x86.ActiveCfg = Debug|Win32
		{A9F790C7-C388-4D34-B4FB-4E8C049982EC}.Debug|x86.Build.0 = Debug|Win32
		{A9F790C7-C388-4D34-B4FB-4E8C049982EC}.Release|x64.ActiveCfg = Release|x64
		{A9F790C7-C388-4D34-B4FB-4E8C049982EC}.Release|x64.Build.0 = Release|x64
		{A9F790C7-C388-4D34-B4FB-4E8C049982EC}.Release|x86.ActiveCfg = Release|Win32
		{A9F790C7-C388-4D34-B4FB-4E8C049982EC}.Release|x86.Build.0 = Release|Win32
		{4FCB06A4-36BC-495F-8A16-1C25998007A2}.Debug|x64.ActiveCfg = Debug|x64
		{4FCB06A4-36BC-495F-8A16-1C25998007A2}.Debug|x64.Build.0 = Debug|x64
		{4FCB06A4-36BC-495F-8A16-1C25998007A2}.Debug|x86.ActiveCfg = Debug|Win32
		{4FCB06A4-36BC-495F-8A16-1C25998007A2}.Debug|x86.Build.0 = Debug|Win32
		{4FCB06A4-36BC-495F-8A16-1C25998007A2}.Release|x64.ActiveCfg = Release|x64
		{4FCB06A4-36BC-495F-8A16-1C25998007A2}.Release|x64.Build.0 = Release|x64
		{4FCB06A4-36BC-495F-8A16-1C25998007A2}.Release|x86.ActiveCfg = Release|Win32
		{4FCB06A4-36BC-495F-8A16-1C25998007A2}.Release|x86.Build.0 = Release|Win32
		{D79B8E17-A0E5-4EE8-91FC-1DAB54DA5625}.Debug|x64.ActiveCfg = Debug|x64
		{D79B8E17-A0E5-4EE8-91FC-1DAB54DA5625}.Debug|x64.Build.0 = Debug|x64
		{D79B8E17-A0E5-4EE8-91FC-1DAB54DA5625}.Debug|x86.ActiveCfg = Debug|Win32
		{D79B8E17-A0E5-4EE8-91FC-1DAB54DA5625}.Debug|x86.Build.0 = Debug|Win32
		{D79B8E17-A0E5-4EE8-91FC-1DAB54DA5625}.Release|x64.ActiveCfg = Release|x64
		{D79B8E17-A0E5-4EE8-91FC-1DAB54DA5625}.Release|x64.Build.0 = Release|x64
		{D79B8E17-A0E5-4EE8-91FC-1DAB54DA5625}.Release|x86.ActiveCfg = Release|Win32
		{D79B8E17-A0E5-4EE8-91FC-1DAB54DA5625}.Release|x86.Build.0 = Release|Win32
	EndGlobalSection
	GlobalSection(SolutionProperties) = preSolution
		HideSolutionNode = FALSE
	EndGlobalSection
	GlobalSection(NestedProjects) = preSolution
		{A6E9BFEE-96EC-4FC9-9219-12202F5126CC} = {6A5E73F4-2BAA-4D67-A17E-3C194FD31A41}
		{012509BD-0610-46F2-BCEF-076C0828D24F} = {6A5E73F4-2BAA-4D67-A17E-3C194FD31A41}
		{A9F790C7-C388-4D34-B4FB-4E8C049982EC} = {F83A0B12-E068-41D9-9820-E6EC0E9AB19F}
		{4FCB06A4-36BC-495F-8A16-1C25998007A2} = {E9207958-9A17-4CED-A400-BC388D7C4419}
		{D79B8E17-A0E5-4EE8-91FC-1DAB54DA5625} = {27F3039A-FC52-44D1-9077-4EC74A354BB2}
		{6A5E73F4-2BAA-4D67-A17E-3C194FD31A41} = {6495FFE7-04EF-4A53-BC5A-C0CE3A9BE4DD}
		{E9207958-9A17-4CED-A400-BC388D7C4419} = {6495FFE7-04EF-4A53-BC5A-C0CE3A9BE4DD}
	EndGlobalSection
	GlobalSection(ExtensibilityGlobals) = postSolution
		SolutionGuid = {DAAAC500-26CC-4F03-9787-1511D97BF041}
	EndGlobalSection
EndGlobal
