<?xml version="1.0" encoding="utf-8"?>
<Project ToolsVersion="4.0" xmlns="http://schemas.microsoft.com/developer/msbuild/2003">
  <ItemGroup>
    <ClInclude Include="GameEngineCore.h" />
    <ClInclude Include="GameEngineLevel.h">
      <Filter>Object</Filter>
    </ClInclude>
    <ClInclude Include="GameEngineObject.h">
      <Filter>Object</Filter>
    </ClInclude>
    <ClInclude Include="GameEngineResource.h">
      <Filter>Resources</Filter>
    </ClInclude>
    <ClInclude Include="GameEngineActor.h">
      <Filter>Object</Filter>
    </ClInclude>
    <ClInclude Include="GameEngineComponent.h">
      <Filter>Object</Filter>
    </ClInclude>
    <ClInclude Include="GameEngineTransform.h">
      <Filter>Object</Filter>
    </ClInclude>
    <ClInclude Include="GameEngineCamera.h">
      <Filter>Object\Rendering</Filter>
    </ClInclude>
    <ClInclude Include="GameEngineUpdateObject.h">
      <Filter>Object</Filter>
    </ClInclude>
    <ClInclude Include="GameEngineRenderer.h">
      <Filter>Object\Rendering\Component</Filter>
    </ClInclude>
    <ClInclude Include="GameEngineCollision.h">
      <Filter>Object\Collision</Filter>
    </ClInclude>
    <ClInclude Include="GameEngineObjectBase.h">
      <Filter>Object</Filter>
    </ClInclude>
    <ClInclude Include="GameEngineNameObject.h">
      <Filter>Object</Filter>
    </ClInclude>
    <ClInclude Include="GameEngineDevice.h">
      <Filter>Device</Filter>
    </ClInclude>
    <ClInclude Include="PrecompileHeader.h" />
    <ClInclude Include="GameEngineVertexShader.h">
      <Filter>Resources\Shader</Filter>
    </ClInclude>
    <ClInclude Include="GameEngineShader.h">
      <Filter>Resources\Shader</Filter>
    </ClInclude>
    <ClInclude Include="GameEngineRenderingPipeLine.h">
      <Filter>Object\Rendering\Component</Filter>
    </ClInclude>
    <ClInclude Include="GameEnginePixelShader.h">
      <Filter>Resources\Shader</Filter>
    </ClInclude>
    <ClInclude Include="GameEngineDirectBuffer.h">
      <Filter>Resources\Buffer</Filter>
    </ClInclude>
    <ClInclude Include="GameEngineIndexBuffer.h">
      <Filter>Resources\Buffer</Filter>
    </ClInclude>
    <ClInclude Include="GameEngineVertexBuffer.h">
      <Filter>Resources\Buffer</Filter>
    </ClInclude>
    <ClInclude Include="GameEngineRenderTarget.h">
      <Filter>Resources\Texture</Filter>
    </ClInclude>
    <ClInclude Include="GameEngineTexture.h">
      <Filter>Resources\Texture</Filter>
    </ClInclude>
    <ClInclude Include="GameEngineRasterizer.h">
      <Filter>Resources\RenderingSetting</Filter>
    </ClInclude>
    <ClInclude Include="GameEngineInputLayOut.h">
      <Filter>Resources\RenderingSetting</Filter>
    </ClInclude>
    <ClInclude Include="GameEngineVertex.h">
      <Filter>Resources\Mesh</Filter>
    </ClInclude>
    <ClInclude Include="GameEngineMesh.h">
      <Filter>Resources\Mesh</Filter>
    </ClInclude>
    <ClInclude Include="GameEngineConstantBuffer.h">
      <Filter>Resources\Buffer</Filter>
    </ClInclude>
    <ClInclude Include="GameEngineShaderResHelper.h">
      <Filter>Object\Rendering\Component</Filter>
    </ClInclude>
    <ClInclude Include="GameEngineEnum.h" />
    <ClInclude Include="ThirdParty\DirectXTex\inc\DirectXTex.h">
      <Filter>ThirdParty\DirectXTex\Header</Filter>
    </ClInclude>
    <ClInclude Include="GameEngineSampler.h">
      <Filter>Resources\Texture</Filter>
    </ClInclude>
    <ClInclude Include="GameEngineBlend.h">
      <Filter>Resources\RenderingSetting</Filter>
    </ClInclude>
    <ClInclude Include="GameEngineSpriteRenderer.h">
      <Filter>Object\Rendering\Component\2D</Filter>
    </ClInclude>
    <ClInclude Include="GameEngineVideo.h">
      <Filter>Resources\Movie</Filter>
    </ClInclude>
    <ClInclude Include="GameEngineDepthState.h">
      <Filter>Resources\RenderingSetting</Filter>
    </ClInclude>
    <ClInclude Include="imconfig.h">
      <Filter>UI\ImGui</Filter>
    </ClInclude>
    <ClInclude Include="imgui.h">
      <Filter>UI\ImGui</Filter>
    </ClInclude>
    <ClInclude Include="imgui_impl_dx11.h">
      <Filter>UI\ImGui</Filter>
    </ClInclude>
    <ClInclude Include="imgui_impl_win32.h">
      <Filter>UI\ImGui</Filter>
    </ClInclude>
    <ClInclude Include="imgui_internal.h">
      <Filter>UI\ImGui</Filter>
    </ClInclude>
    <ClInclude Include="imstb_rectpack.h">
      <Filter>UI\ImGui</Filter>
    </ClInclude>
    <ClInclude Include="imstb_textedit.h">
      <Filter>UI\ImGui</Filter>
    </ClInclude>
    <ClInclude Include="imstb_truetype.h">
      <Filter>UI\ImGui</Filter>
    </ClInclude>
    <ClInclude Include="GameEngineGUI.h">
      <Filter>UI</Filter>
    </ClInclude>
    <ClInclude Include="GameEngineCoreWindow.h">
      <Filter>UI\SubWindow</Filter>
    </ClInclude>
  </ItemGroup>
  <ItemGroup>
    <ClCompile Include="GameEngineCore.cpp" />
    <ClCompile Include="GameEngineLevel.cpp">
      <Filter>Object</Filter>
    </ClCompile>
    <ClCompile Include="GameEngineObject.cpp">
      <Filter>Object</Filter>
    </ClCompile>
    <ClCompile Include="GameEngineResource.cpp">
      <Filter>Resources</Filter>
    </ClCompile>
    <ClCompile Include="GameEngineActor.cpp">
      <Filter>Object</Filter>
    </ClCompile>
    <ClCompile Include="GameEngineComponent.cpp">
      <Filter>Object</Filter>
    </ClCompile>
    <ClCompile Include="GameEngineTransform.cpp">
      <Filter>Object</Filter>
    </ClCompile>
    <ClCompile Include="GameEngineCamera.cpp">
      <Filter>Object\Rendering</Filter>
    </ClCompile>
    <ClCompile Include="GameEngineUpdateObject.cpp">
      <Filter>Object</Filter>
    </ClCompile>
    <ClCompile Include="GameEngineCollision.cpp">
      <Filter>Object\Collision</Filter>
    </ClCompile>
    <ClCompile Include="GameEngineRenderer.cpp">
      <Filter>Object\Rendering\Component</Filter>
    </ClCompile>
    <ClCompile Include="GameEngineObjectBase.cpp">
      <Filter>Object</Filter>
    </ClCompile>
    <ClCompile Include="GameEngineCore_Resources.cpp">
      <Filter>Object</Filter>
    </ClCompile>
    <ClCompile Include="GameEngineNameObject.cpp">
      <Filter>Object</Filter>
    </ClCompile>
    <ClCompile Include="GameEngineDevice.cpp">
      <Filter>Device</Filter>
    </ClCompile>
    <ClCompile Include="PrecompileHeader.cpp" />
    <ClCompile Include="GameEngineVertexShader.cpp">
      <Filter>Resources\Shader</Filter>
    </ClCompile>
    <ClCompile Include="GameEngineShader.cpp">
      <Filter>Resources\Shader</Filter>
    </ClCompile>
    <ClCompile Include="GameEngineRenderingPipeLine.cpp">
      <Filter>Object\Rendering\Component</Filter>
    </ClCompile>
    <ClCompile Include="GameEnginePixelShader.cpp">
      <Filter>Resources\Shader</Filter>
    </ClCompile>
    <ClCompile Include="GameEngineDirectBuffer.cpp">
      <Filter>Resources\Buffer</Filter>
    </ClCompile>
    <ClCompile Include="GameEngineIndexBuffer.cpp">
      <Filter>Resources\Buffer</Filter>
    </ClCompile>
    <ClCompile Include="GameEngineVertexBuffer.cpp">
      <Filter>Resources\Buffer</Filter>
    </ClCompile>
    <ClCompile Include="GameEngineRenderTarget.cpp">
      <Filter>Resources\Texture</Filter>
    </ClCompile>
    <ClCompile Include="GameEngineTexture.cpp">
      <Filter>Resources\Texture</Filter>
    </ClCompile>
    <ClCompile Include="GameEngineRasterizer.cpp">
      <Filter>Resources\RenderingSetting</Filter>
    </ClCompile>
    <ClCompile Include="GameEngineInputLayOut.cpp">
      <Filter>Resources\RenderingSetting</Filter>
    </ClCompile>
    <ClCompile Include="GameEngineVertex.cpp">
      <Filter>Resources\Mesh</Filter>
    </ClCompile>
    <ClCompile Include="GameEngineMesh.cpp">
      <Filter>Resources\Mesh</Filter>
    </ClCompile>
    <ClCompile Include="GameEngineConstantBuffer.cpp">
      <Filter>Resources\Buffer</Filter>
    </ClCompile>
    <ClCompile Include="GameEngineShaderResHelper.cpp">
      <Filter>Object\Rendering\Component</Filter>
    </ClCompile>
    <ClCompile Include="GameEngineSampler.cpp">
      <Filter>Resources\Texture</Filter>
    </ClCompile>
    <ClCompile Include="GameEngineBlend.cpp">
      <Filter>Resources\RenderingSetting</Filter>
    </ClCompile>
    <ClCompile Include="GameEngineSpriteRenderer.cpp">
      <Filter>Object\Rendering\Component\2D</Filter>
    </ClCompile>
    <ClCompile Include="GameEngineVideo.cpp">
      <Filter>Resources\Movie</Filter>
    </ClCompile>
    <ClCompile Include="GameEngineDepthState.cpp">
      <Filter>Resources\RenderingSetting</Filter>
    </ClCompile>
    <ClCompile Include="imgui.cpp">
      <Filter>UI\ImGui</Filter>
    </ClCompile>
    <ClCompile Include="imgui_demo.cpp">
      <Filter>UI\ImGui</Filter>
    </ClCompile>
    <ClCompile Include="imgui_draw.cpp">
      <Filter>UI\ImGui</Filter>
    </ClCompile>
    <ClCompile Include="imgui_impl_dx11.cpp">
      <Filter>UI\ImGui</Filter>
    </ClCompile>
    <ClCompile Include="imgui_impl_win32.cpp">
      <Filter>UI\ImGui</Filter>
    </ClCompile>
    <ClCompile Include="imgui_tables.cpp">
      <Filter>UI\ImGui</Filter>
    </ClCompile>
    <ClCompile Include="imgui_widgets.cpp">
      <Filter>UI\ImGui</Filter>
    </ClCompile>
    <ClCompile Include="GameEngineGUI.cpp">
      <Filter>UI</Filter>
    </ClCompile>
    <ClCompile Include="GameEngineCoreWindow.cpp">
      <Filter>UI\SubWindow</Filter>
    </ClCompile>
  </ItemGroup>
  <ItemGroup>
    <Filter Include="Object">
      <UniqueIdentifier>{1189cbc5-1179-4a91-a047-0f66642d14d2}</UniqueIdentifier>
    </Filter>
    <Filter Include="Resources">
      <UniqueIdentifier>{c16991ef-8e9a-49d8-b420-853cff2955d1}</UniqueIdentifier>
    </Filter>
    <Filter Include="Manager">
      <UniqueIdentifier>{b420b215-6a8f-4fa5-bec3-c52265a46089}</UniqueIdentifier>
    </Filter>
    <Filter Include="Object\Rendering">
      <UniqueIdentifier>{4125e805-1a91-4f37-a667-e239ca98c105}</UniqueIdentifier>
    </Filter>
    <Filter Include="Object\Rendering\Component">
      <UniqueIdentifier>{c8ae3561-eb70-466d-9e46-620936539f7c}</UniqueIdentifier>
    </Filter>
    <Filter Include="Object\Collision">
      <UniqueIdentifier>{b0488d95-b181-4875-bac8-2c2c94c0e7d6}</UniqueIdentifier>
    </Filter>
    <Filter Include="Device">
      <UniqueIdentifier>{fd4191af-fd7d-4a7e-81b4-3afdc683cedc}</UniqueIdentifier>
    </Filter>
    <Filter Include="Resources\Shader">
      <UniqueIdentifier>{4eb5422c-9000-4004-8460-09b424739235}</UniqueIdentifier>
    </Filter>
    <Filter Include="Resources\Buffer">
      <UniqueIdentifier>{ea1c4fc5-ce7c-450a-b15e-7f03fb5de8be}</UniqueIdentifier>
    </Filter>
    <Filter Include="Resources\Mesh">
      <UniqueIdentifier>{8e01a25f-1e3d-48db-b9b8-bdb6afe1cd1f}</UniqueIdentifier>
    </Filter>
    <Filter Include="Resources\RenderingSetting">
      <UniqueIdentifier>{da2c267f-1112-4288-9907-0c41bdb721f5}</UniqueIdentifier>
    </Filter>
    <Filter Include="Resources\Texture">
      <UniqueIdentifier>{2a16e1da-6304-431f-86f8-42ca6f36fce7}</UniqueIdentifier>
    </Filter>
    <Filter Include="ThirdParty">
      <UniqueIdentifier>{af97e382-13f8-4e5d-9fe6-e3208ce98c91}</UniqueIdentifier>
    </Filter>
    <Filter Include="ThirdParty\DirectXTex">
      <UniqueIdentifier>{2b3470b7-ea71-45e7-99b1-d19dfe4bdfee}</UniqueIdentifier>
    </Filter>
    <Filter Include="ThirdParty\DirectXTex\bin">
      <UniqueIdentifier>{0eafbd45-d97b-4778-a4c0-853a36852f12}</UniqueIdentifier>
    </Filter>
    <Filter Include="ThirdParty\DirectXTex\Header">
      <UniqueIdentifier>{33f3d46f-bba6-41fb-8059-d6678c6ff4fa}</UniqueIdentifier>
    </Filter>
    <Filter Include="ThirdParty\DirectXTex\bin\Debug">
      <UniqueIdentifier>{10774fb5-11fc-491b-b2d3-59db44c37090}</UniqueIdentifier>
    </Filter>
    <Filter Include="ThirdParty\DirectXTex\bin\Release">
      <UniqueIdentifier>{e432dad6-6d4a-4eea-a071-a116a05364bd}</UniqueIdentifier>
    </Filter>
    <Filter Include="Object\Rendering\Component\2D">
      <UniqueIdentifier>{7e138dca-7e2e-43f6-9c23-6f21373c7217}</UniqueIdentifier>
    </Filter>
    <Filter Include="Resources\Movie">
      <UniqueIdentifier>{fc818609-f2f7-4352-abe5-11aaa57c977d}</UniqueIdentifier>
    </Filter>
    <Filter Include="UI">
      <UniqueIdentifier>{b41b1c99-d13a-4fe5-b3fa-26266a1f118b}</UniqueIdentifier>
    </Filter>
    <Filter Include="UI\ImGui">
      <UniqueIdentifier>{9b06a65b-8bec-4c21-8749-48c111dcc54b}</UniqueIdentifier>
    </Filter>
    <Filter Include="UI\SubWindow">
      <UniqueIdentifier>{7b5fbd23-2c0f-471c-ac35-4b8a570e2ba8}</UniqueIdentifier>
    </Filter>
  </ItemGroup>
  <ItemGroup>
    <None Include="ThirdParty\DirectXTex\inc\DirectXTex.inl">
      <Filter>ThirdParty\DirectXTex\Header</Filter>
    </None>
    <None Include="ThirdParty\DirectXTex\lib\x64\Debug\DirectXTex.lib">
      <Filter>ThirdParty\DirectXTex\bin\Debug</Filter>
    </None>
    <None Include="ThirdParty\DirectXTex\lib\x64\Release\DirectXTex.lib">
      <Filter>ThirdParty\DirectXTex\bin\Release</Filter>
    </None>
  </ItemGroup>
</Project>